<?xml version="1.0" encoding="utf-8"?>
<Project ToolsVersion="4.0" xmlns="http://schemas.microsoft.com/developer/msbuild/2003">
  <ItemGroup>
    <ClCompile Include="command_parser.cpp">
      <Filter>소스 파일</Filter>
    </ClCompile>
    <ClCompile Include="command_runner.cpp">
      <Filter>소스 파일</Filter>
    </ClCompile>
    <ClCompile Include="main.cpp">
      <Filter>소스 파일</Filter>
    </ClCompile>
    <ClCompile Include="shell.cpp">
      <Filter>소스 파일</Filter>
    </ClCompile>
    <ClCompile Include="test_testshell_command_parser.cpp">
      <Filter>테스트 파일</Filter>
    </ClCompile>
    <ClCompile Include="test_with_mock.cpp">
      <Filter>테스트 파일</Filter>
    </ClCompile>
    <ClCompile Include="$(MSBuildThisFileDirectory)..\..\lib\native\src\gmock\gmock-all.cc">
      <Filter>소스 파일</Filter>
    </ClCompile>
    <ClCompile Include="$(MSBuildThisFileDirectory)..\..\lib\native\src\gtest\gtest-all.cc">
      <Filter>소스 파일</Filter>
    </ClCompile>
    <ClCompile Include="command.cpp">
      <Filter>소스 파일\cmds</Filter>
    </ClCompile>
    <ClCompile Include="read_command.cpp">
      <Filter>소스 파일\cmds</Filter>
    </ClCompile>
    <ClCompile Include="write_command.cpp">
      <Filter>소스 파일\cmds</Filter>
    </ClCompile>
    <ClCompile Include="help_command.cpp">
      <Filter>소스 파일\cmds</Filter>
    </ClCompile>
    <ClCompile Include="exit_command.cpp">
      <Filter>소스 파일\cmds</Filter>
    </ClCompile>
    <ClCompile Include="full_read_command.cpp">
      <Filter>소스 파일\cmds</Filter>
    </ClCompile>
    <ClCompile Include="full_write_command.cpp">
      <Filter>소스 파일\cmds</Filter>
    </ClCompile>
    <ClCompile Include="test_command.cpp">
      <Filter>테스트 파일</Filter>
    </ClCompile>
    <ClCompile Include="write_read_aging_command.h">
      <Filter>헤더 파일\cmds</Filter>
    </ClCompile>
    <ClCompile Include="write_read_aging_command.cpp">
      <Filter>소스 파일\cmds</Filter>
    </ClCompile>
    <ClCompile Include="partial_LBA_write_command.cpp">
      <Filter>소스 파일\cmds</Filter>
    </ClCompile>
    <ClCompile Include="full_write_and_read_compare_command.cpp">
      <Filter>소스 파일\cmds</Filter>
    </ClCompile>
    <ClCompile Include="command_factory.cpp">
      <Filter>소스 파일\cmds</Filter>
    </ClCompile>
  </ItemGroup>
  <ItemGroup>
    <ClInclude Include="command_parser.h">
      <Filter>헤더 파일</Filter>
    </ClInclude>
    <ClInclude Include="command_runner.h">
      <Filter>헤더 파일</Filter>
    </ClInclude>
    <ClInclude Include="shell.h">
      <Filter>헤더 파일</Filter>
    </ClInclude>
    <ClInclude Include="ssd_interface.h">
      <Filter>헤더 파일</Filter>
    </ClInclude>
    <ClInclude Include="TEST_SHELL_CONFIG.h">
      <Filter>헤더 파일</Filter>
    </ClInclude>
    <ClInclude Include="command.h">
      <Filter>헤더 파일\cmds</Filter>
    </ClInclude>
    <ClInclude Include="read_command.h">
      <Filter>헤더 파일\cmds</Filter>
    </ClInclude>
    <ClInclude Include="write_command.h">
      <Filter>헤더 파일\cmds</Filter>
    </ClInclude>
    <ClInclude Include="help_command.h">
      <Filter>헤더 파일\cmds</Filter>
    </ClInclude>
    <ClInclude Include="exit_command.h">
      <Filter>헤더 파일\cmds</Filter>
    </ClInclude>
    <ClInclude Include="full_read_command.h">
      <Filter>헤더 파일\cmds</Filter>
    </ClInclude>
    <ClInclude Include="full_write_command.h">
      <Filter>헤더 파일\cmds</Filter>
    </ClInclude>
    <ClInclude Include="full_write_and_read_compare_command.h">
      <Filter>헤더 파일\cmds</Filter>
    </ClInclude>
    <ClInclude Include="partial_LBA_write_command.h">
      <Filter>헤더 파일\cmds</Filter>
    </ClInclude>
    <ClInclude Include="command_list.h">
      <Filter>헤더 파일\cmds</Filter>
    </ClInclude>
  </ItemGroup>
  <ItemGroup>
    <None Include="packages.config" />
    <None Include="command_factory.h">
      <Filter>헤더 파일\cmds</Filter>
    </None>
  </ItemGroup>
  <ItemGroup>
    <Filter Include="리소스 파일">
      <UniqueIdentifier>{9c65a3a0-67b6-4d68-8922-1119c2ea9232}</UniqueIdentifier>
    </Filter>
    <Filter Include="소스 파일">
      <UniqueIdentifier>{f90e1601-80d7-4efb-9132-9da5e4886ccd}</UniqueIdentifier>
    </Filter>
    <Filter Include="테스트 파일">
      <UniqueIdentifier>{35a4f419-5b2a-447a-a6a2-dbb0690f4539}</UniqueIdentifier>
    </Filter>
    <Filter Include="헤더 파일">
      <UniqueIdentifier>{16c83091-6886-42d1-a610-4caf8e8a4659}</UniqueIdentifier>
    </Filter>
    <Filter Include="소스 파일\cmds">
      <UniqueIdentifier>{5820f259-7bad-4014-ad6b-9f322d35124d}</UniqueIdentifier>
    </Filter>
    <Filter Include="헤더 파일\cmds">
      <UniqueIdentifier>{fa81b17e-4768-48af-ab4c-c94c13d7b815}</UniqueIdentifier>
    </Filter>
  </ItemGroup>
</Project>